
Microsoft Visual Studio Solution File, Format Version 11.00
# Visual Studio 2010
Project("{FAE04EC0-301F-11D3-BF4B-00C04F79EFBC}") = "NHibernate Deep Dive", "NHibernate Deep Dive\NHibernate Deep Dive.csproj", "{99570809-7057-4A96-80B3-5647F79DDF83}"
EndProject
Project("{2150E333-8FDC-42A3-9474-1A3956D46DE8}") = "Solution Items", "Solution Items", "{7E8226C3-F24B-4512-8553-683AE3F6E3ED}"
	ProjectSection(SolutionItems) = preProject
		README.md = README.md
	EndProjectSection
EndProject
Global
	GlobalSection(SolutionConfigurationPlatforms) = preSolution
		Debug|Any CPU = Debug|Any CPU
		Release|Any CPU = Release|Any CPU
	EndGlobalSection
	GlobalSection(ProjectConfigurationPlatforms) = postSolution
		{99570809-7057-4A96-80B3-5647F79DDF83}.Debug|Any CPU.ActiveCfg = Debug|Any CPU
		{99570809-7057-4A96-80B3-5647F79DDF83}.Debug|Any CPU.Build.0 = Debug|Any CPU
		{99570809-7057-4A96-80B3-5647F79DDF83}.Release|Any CPU.ActiveCfg = Release|Any CPU
		{99570809-7057-4A96-80B3-5647F79DDF83}.Release|Any CPU.Build.0 = Release|Any CPU
	EndGlobalSection
	GlobalSection(SolutionProperties) = preSolution
		HideSolutionNode = FALSE
	EndGlobalSection
EndGlobal
